
Microsoft Visual Studio Solution File, Format Version 12.00
# Visual Studio 15
Project("{FAE04EC0-301F-11D3-BF4B-00C04F79EFBC}") = "Assembly-CSharp", "Assembly-CSharp.csproj", "{CD90FFFD-22C6-C278-B35B-24839AEC4A2F}"
EndProject
Global
	GlobalSection(SolutionConfigurationPlatforms) = preSolution
		Debug|Any CPU = Debug|Any CPU
		Release|Any CPU = Release|Any CPU
	EndGlobalSection
	GlobalSection(ProjectConfigurationPlatforms) = postSolution
		{CD90FFFD-22C6-C278-B35B-24839AEC4A2F}.Debug|Any CPU.ActiveCfg = Debug|Any CPU
		{CD90FFFD-22C6-C278-B35B-24839AEC4A2F}.Debug|Any CPU.Build.0 = Debug|Any CPU
		{CD90FFFD-22C6-C278-B35B-24839AEC4A2F}.Release|Any CPU.ActiveCfg = Release|Any CPU
		{CD90FFFD-22C6-C278-B35B-24839AEC4A2F}.Release|Any CPU.Build.0 = Release|Any CPU
	EndGlobalSection
	GlobalSection(SolutionProperties) = preSolution
		HideSolutionNode = FALSE
	EndGlobalSection
EndGlobal
